
Microsoft Visual Studio Solution File, Format Version 12.00
# Visual Studio 15
VisualStudioVersion = 15.0.27004.2006
MinimumVisualStudioVersion = 10.0.40219.1
Project("{FAE04EC0-301F-11D3-BF4B-00C04F79EFBC}") = "DapperQueryBuilder", "DapperQueryBuilder\DapperQueryBuilder.csproj", "{D2CB9CB0-E0F2-489D-9846-2EEEE9333DB2}"
EndProject
Global
	GlobalSection(SolutionConfigurationPlatforms) = preSolution
		Debug|Any CPU = Debug|Any CPU
		Release|Any CPU = Release|Any CPU
	EndGlobalSection
	GlobalSection(ProjectConfigurationPlatforms) = postSolution
		{D2CB9CB0-E0F2-489D-9846-2EEEE9333DB2}.Debug|Any CPU.ActiveCfg = Debug|Any CPU
		{D2CB9CB0-E0F2-489D-9846-2EEEE9333DB2}.Debug|Any CPU.Build.0 = Debug|Any CPU
		{D2CB9CB0-E0F2-489D-9846-2EEEE9333DB2}.Release|Any CPU.ActiveCfg = Release|Any CPU
		{D2CB9CB0-E0F2-489D-9846-2EEEE9333DB2}.Release|Any CPU.Build.0 = Release|Any CPU
	EndGlobalSection
	GlobalSection(SolutionProperties) = preSolution
		HideSolutionNode = FALSE
	EndGlobalSection
	GlobalSection(ExtensibilityGlobals) = postSolution
		SolutionGuid = {5C2992E7-334D-49C3-83BF-5A7416E7FDDB}
	EndGlobalSection
EndGlobal
